
Microsoft Visual Studio Solution File, Format Version 12.00
# Visual Studio Version 17
VisualStudioVersion = 17.13.35919.96
MinimumVisualStudioVersion = 10.0.40219.1
Project("{FAE04EC0-301F-11D3-BF4B-00C04F79EFBC}") = "Arkhipova_523", "Arkhipova_523\Arkhipova_523.csproj", "{EDBB048D-A12B-4539-B6FB-21FF8512E628}"
EndProject
Project("{FAE04EC0-301F-11D3-BF4B-00C04F79EFBC}") = "FunctionsTests.cs", "FunctionsTests.cs\FunctionsTests.cs.csproj", "{2A73CB89-DA61-4152-A062-E7315580BFA4}"
EndProject
Global
	GlobalSection(SolutionConfigurationPlatforms) = preSolution
		Debug|Any CPU = Debug|Any CPU
		Release|Any CPU = Release|Any CPU
	EndGlobalSection
	GlobalSection(ProjectConfigurationPlatforms) = postSolution
		{EDBB048D-A12B-4539-B6FB-21FF8512E628}.Debug|Any CPU.ActiveCfg = Debug|Any CPU
		{EDBB048D-A12B-4539-B6FB-21FF8512E628}.Debug|Any CPU.Build.0 = Debug|Any CPU
		{EDBB048D-A12B-4539-B6FB-21FF8512E628}.Release|Any CPU.ActiveCfg = Release|Any CPU
		{EDBB048D-A12B-4539-B6FB-21FF8512E628}.Release|Any CPU.Build.0 = Release|Any CPU
		{2A73CB89-DA61-4152-A062-E7315580BFA4}.Debug|Any CPU.ActiveCfg = Debug|Any CPU
		{2A73CB89-DA61-4152-A062-E7315580BFA4}.Debug|Any CPU.Build.0 = Debug|Any CPU
		{2A73CB89-DA61-4152-A062-E7315580BFA4}.Release|Any CPU.ActiveCfg = Release|Any CPU
		{2A73CB89-DA61-4152-A062-E7315580BFA4}.Release|Any CPU.Build.0 = Release|Any CPU
	EndGlobalSection
	GlobalSection(SolutionProperties) = preSolution
		HideSolutionNode = FALSE
	EndGlobalSection
	GlobalSection(ExtensibilityGlobals) = postSolution
		SolutionGuid = {3828BDFB-55D4-4760-8123-39E1B4440D61}
	EndGlobalSection
EndGlobal
